{
  "version": 4,
  "terraform_version": "0.15.4",
  "serial": 131,
  "lineage": "dd466125-0222-e1a9-77b5-957198d8e3a4",
  "outputs": {
    "combined": {
      "value": {
        "myiamuser.0": "arn:aws:iam::797416694057:user/system/myiamuser.0",
        "myiamuser.1": "arn:aws:iam::797416694057:user/system/myiamuser.1",
        "myiamuser.2": "arn:aws:iam::797416694057:user/system/myiamuser.2"
      },
      "type": [
        "object",
        {
          "myiamuser.0": "string",
          "myiamuser.1": "string",
          "myiamuser.2": "string"
        }
      ]
    }
  },
  "resources": [
    {
      "mode": "managed",
      "type": "aws_iam_user",
      "name": "zipmap_iam",
      "provider": "provider[\"registry.terraform.io/hashicorp/aws\"]",
      "instances": [
        {
          "index_key": 0,
          "schema_version": 0,
          "attributes": {
            "arn": "arn:aws:iam::797416694057:user/system/myiamuser.0",
            "force_destroy": false,
            "id": "myiamuser.0",
            "name": "myiamuser.0",
            "path": "/system/",
            "permissions_boundary": null,
            "tags": null,
            "tags_all": {},
            "unique_id": "AIDA3TKN5EEU3KUYMWF7E"
          },
          "sensitive_attributes": [],
          "private": "bnVsbA=="
        },
        {
          "index_key": 1,
          "schema_version": 0,
          "attributes": {
            "arn": "arn:aws:iam::797416694057:user/system/myiamuser.1",
            "force_destroy": false,
            "id": "myiamuser.1",
            "name": "myiamuser.1",
            "path": "/system/",
            "permissions_boundary": null,
            "tags": null,
            "tags_all": {},
            "unique_id": "AIDA3TKN5EEUSBQWYVRAX"
          },
          "sensitive_attributes": [],
          "private": "bnVsbA=="
        },
        {
          "index_key": 2,
          "schema_version": 0,
          "attributes": {
            "arn": "arn:aws:iam::797416694057:user/system/myiamuser.2",
            "force_destroy": false,
            "id": "myiamuser.2",
            "name": "myiamuser.2",
            "path": "/system/",
            "permissions_boundary": null,
            "tags": null,
            "tags_all": {},
            "unique_id": "AIDA3TKN5EEUU2DNKDZJL"
          },
          "sensitive_attributes": [],
          "private": "bnVsbA=="
        }
      ]
    }
  ]
}
